Microsoft Visual Studio Solution File, Format Version 12.00
# Visual Studio Version 17
VisualStudioVersion = 17.5.2.0
MinimumVisualStudioVersion = 10.0.40219.1
Project("{FAE04EC0-301F-11D3-BF4B-00C04F79EFBC}") = "metric-tool", "metric-tool.csproj", "{C979A858-B139-2E4B-70DE-AFF63C9C27AF}"
EndProject
Global
	GlobalSection(SolutionConfigurationPlatforms) = preSolution
		Debug|Any CPU = Debug|Any CPU
		Release|Any CPU = Release|Any CPU
	EndGlobalSection
	GlobalSection(ProjectConfigurationPlatforms) = postSolution
		{C979A858-B139-2E4B-70DE-AFF63C9C27AF}.Debug|Any CPU.ActiveCfg = Debug|Any CPU
		{C979A858-B139-2E4B-70DE-AFF63C9C27AF}.Debug|Any CPU.Build.0 = Debug|Any CPU
		{C979A858-B139-2E4B-70DE-AFF63C9C27AF}.Release|Any CPU.ActiveCfg = Release|Any CPU
		{C979A858-B139-2E4B-70DE-AFF63C9C27AF}.Release|Any CPU.Build.0 = Release|Any CPU
	EndGlobalSection
	GlobalSection(SolutionProperties) = preSolution
		HideSolutionNode = FALSE
	EndGlobalSection
	GlobalSection(ExtensibilityGlobals) = postSolution
		SolutionGuid = {2AD843D3-5D0D-4795-9EEB-93FB9AD0447E}
	EndGlobalSection
EndGlobal
